// !$*UTF8*$!
{
	archiveVersion = 1;
	classes = {
	};
	objectVersion = 50;
	objects = {

/* Begin PBXBuildFile section */
		8F1FDAA72616A74600BA6159 /* Queue.swift in Sources */ = {isa = PBXBuildFile; fileRef = 8F1FDAA62616A74600BA6159 /* Queue.swift */; };
		8F1FDAAB2616A90300BA6159 /* QueuesService.swift in Sources */ = {isa = PBXBuildFile; fileRef = 8F1FDAAA2616A90300BA6159 /* QueuesService.swift */; };
		8F1FDAAF2616A91300BA6159 /* AuthService.swift in Sources */ = {isa = PBXBuildFile; fileRef = 8F1FDAAE2616A91300BA6159 /* AuthService.swift */; };
		8F1FDAB32616A9BF00BA6159 /* Utils.swift in Sources */ = {isa = PBXBuildFile; fileRef = 8F1FDAB22616A9BF00BA6159 /* Utils.swift */; };
		8F1FDAB72616AE7500BA6159 /* QueueCell.swift in Sources */ = {isa = PBXBuildFile; fileRef = 8F1FDAB52616AE7500BA6159 /* QueueCell.swift */; };
		8F1FDAB82616AE7500BA6159 /* QueueCell.xib in Resources */ = {isa = PBXBuildFile; fileRef = 8F1FDAB62616AE7500BA6159 /* QueueCell.xib */; };
		8F1FDABB2616AF7000BA6159 /* QueueVC.swift in Sources */ = {isa = PBXBuildFile; fileRef = 8F1FDABA2616AF7000BA6159 /* QueueVC.swift */; };
		8F2537FF25FDA09E00B99A45 /* AppDelegate.swift in Sources */ = {isa = PBXBuildFile; fileRef = 8F2537FE25FDA09E00B99A45 /* AppDelegate.swift */; };
		8F25380325FDA09E00B99A45 /* SignVC.swift in Sources */ = {isa = PBXBuildFile; fileRef = 8F25380225FDA09E00B99A45 /* SignVC.swift */; };
		8F25380625FDA09E00B99A45 /* Main.storyboard in Resources */ = {isa = PBXBuildFile; fileRef = 8F25380425FDA09E00B99A45 /* Main.storyboard */; };
		8F25380925FDA09E00B99A45 /* kyeue.xcdatamodeld in Sources */ = {isa = PBXBuildFile; fileRef = 8F25380725FDA09E00B99A45 /* kyeue.xcdatamodeld */; };
		8F25380B25FDA09F00B99A45 /* Assets.xcassets in Resources */ = {isa = PBXBuildFile; fileRef = 8F25380A25FDA09F00B99A45 /* Assets.xcassets */; };
		8F25380E25FDA09F00B99A45 /* LaunchScreen.storyboard in Resources */ = {isa = PBXBuildFile; fileRef = 8F25380C25FDA09F00B99A45 /* LaunchScreen.storyboard */; };
		8F6D83D925FEBEB20012AB65 /* Extensions.swift in Sources */ = {isa = PBXBuildFile; fileRef = 8F6D83D825FEBEB20012AB65 /* Extensions.swift */; };
		8F92F02F25FF9ECB0083E188 /* BaseProtocols.swift in Sources */ = {isa = PBXBuildFile; fileRef = 8F92F02E25FF9ECB0083E188 /* BaseProtocols.swift */; };
		8F92F03425FFA9260083E188 /* User.swift in Sources */ = {isa = PBXBuildFile; fileRef = 8F92F03325FFA9260083E188 /* User.swift */; };
		8F92F03B25FFAAFA0083E188 /* Authentication.swift in Sources */ = {isa = PBXBuildFile; fileRef = 8F92F03A25FFAAFA0083E188 /* Authentication.swift */; };
		8F92F04325FFAE540083E188 /* UsersService.swift in Sources */ = {isa = PBXBuildFile; fileRef = 8F92F04225FFAE540083E188 /* UsersService.swift */; };
		8FAA995826173B6400D905DE /* NewQueueVC.swift in Sources */ = {isa = PBXBuildFile; fileRef = 8FAA995726173B6400D905DE /* NewQueueVC.swift */; };
		8FD53D092614BE5300E995BC /* MainVC.swift in Sources */ = {isa = PBXBuildFile; fileRef = 8FD53D082614BE5300E995BC /* MainVC.swift */; };
		8FD53D102614E2A500E995BC /* UserStorageManager.swift in Sources */ = {isa = PBXBuildFile; fileRef = 8FD53D0F2614E2A500E995BC /* UserStorageManager.swift */; };
		8FD53D142614E41300E995BC /* UserObject.swift in Sources */ = {isa = PBXBuildFile; fileRef = 8FD53D132614E41300E995BC /* UserObject.swift */; };
		8FEE70C226181FBF00B42B1E /* MemberCell.swift in Sources */ = {isa = PBXBuildFile; fileRef = 8FEE70C026181FBF00B42B1E /* MemberCell.swift */; };
		8FEE70C326181FBF00B42B1E /* MemberCell.xib in Resources */ = {isa = PBXBuildFile; fileRef = 8FEE70C126181FBF00B42B1E /* MemberCell.xib */; };
/* End PBXBuildFile section */

/* Begin PBXFileReference section */
		8F1FDAA62616A74600BA6159 /* Queue.swift */ = {isa = PBXFileReference; lastKnownFileType = sourcecode.swift; path = Queue.swift; sourceTree = "<group>"; };
		8F1FDAAA2616A90300BA6159 /* QueuesService.swift */ = {isa = PBXFileReference; lastKnownFileType = sourcecode.swift; path = QueuesService.swift; sourceTree = "<group>"; };
		8F1FDAAE2616A91300BA6159 /* AuthService.swift */ = {isa = PBXFileReference; lastKnownFileType = sourcecode.swift; path = AuthService.swift; sourceTree = "<group>"; };
		8F1FDAB22616A9BF00BA6159 /* Utils.swift */ = {isa = PBXFileReference; lastKnownFileType = sourcecode.swift; path = Utils.swift; sourceTree = "<group>"; };
		8F1FDAB52616AE7500BA6159 /* QueueCell.swift */ = {isa = PBXFileReference; lastKnownFileType = sourcecode.swift; path = QueueCell.swift; sourceTree = "<group>"; };
		8F1FDAB62616AE7500BA6159 /* QueueCell.xib */ = {isa = PBXFileReference; lastKnownFileType = file.xib; path = QueueCell.xib; sourceTree = "<group>"; };
		8F1FDABA2616AF7000BA6159 /* QueueVC.swift */ = {isa = PBXFileReference; lastKnownFileType = sourcecode.swift; path = QueueVC.swift; sourceTree = "<group>"; };
		8F2537FB25FDA09E00B99A45 /* kyeue.app */ = {isa = PBXFileReference; explicitFileType = wrapper.application; includeInIndex = 0; path = kyeue.app; sourceTree = BUILT_PRODUCTS_DIR; };
		8F2537FE25FDA09E00B99A45 /* AppDelegate.swift */ = {isa = PBXFileReference; lastKnownFileType = sourcecode.swift; path = AppDelegate.swift; sourceTree = "<group>"; };
		8F25380225FDA09E00B99A45 /* SignVC.swift */ = {isa = PBXFileReference; lastKnownFileType = sourcecode.swift; path = SignVC.swift; sourceTree = "<group>"; };
		8F25380525FDA09E00B99A45 /* Base */ = {isa = PBXFileReference; lastKnownFileType = file.storyboard; name = Base; path = Base.lproj/Main.storyboard; sourceTree = "<group>"; };
		8F25380825FDA09E00B99A45 /* kyeue.xcdatamodel */ = {isa = PBXFileReference; lastKnownFileType = wrapper.xcdatamodel; path = kyeue.xcdatamodel; sourceTree = "<group>"; };
		8F25380A25FDA09F00B99A45 /* Assets.xcassets */ = {isa = PBXFileReference; lastKnownFileType = folder.assetcatalog; path = Assets.xcassets; sourceTree = "<group>"; };
		8F25380D25FDA09F00B99A45 /* Base */ = {isa = PBXFileReference; lastKnownFileType = file.storyboard; name = Base; path = Base.lproj/LaunchScreen.storyboard; sourceTree = "<group>"; };
		8F25380F25FDA09F00B99A45 /* Info.plist */ = {isa = PBXFileReference; lastKnownFileType = text.plist.xml; path = Info.plist; sourceTree = "<group>"; };
		8F6D83D825FEBEB20012AB65 /* Extensions.swift */ = {isa = PBXFileReference; lastKnownFileType = sourcecode.swift; path = Extensions.swift; sourceTree = "<group>"; };
		8F92F02E25FF9ECB0083E188 /* BaseProtocols.swift */ = {isa = PBXFileReference; lastKnownFileType = sourcecode.swift; path = BaseProtocols.swift; sourceTree = "<group>"; };
		8F92F03325FFA9260083E188 /* User.swift */ = {isa = PBXFileReference; lastKnownFileType = sourcecode.swift; path = User.swift; sourceTree = "<group>"; };
		8F92F03A25FFAAFA0083E188 /* Authentication.swift */ = {isa = PBXFileReference; lastKnownFileType = sourcecode.swift; path = Authentication.swift; sourceTree = "<group>"; };
		8F92F04225FFAE540083E188 /* UsersService.swift */ = {isa = PBXFileReference; lastKnownFileType = sourcecode.swift; path = UsersService.swift; sourceTree = "<group>"; };
		8FAA995726173B6400D905DE /* NewQueueVC.swift */ = {isa = PBXFileReference; lastKnownFileType = sourcecode.swift; path = NewQueueVC.swift; sourceTree = "<group>"; };
		8FD53D082614BE5300E995BC /* MainVC.swift */ = {isa = PBXFileReference; lastKnownFileType = sourcecode.swift; path = MainVC.swift; sourceTree = "<group>"; };
		8FD53D0F2614E2A500E995BC /* UserStorageManager.swift */ = {isa = PBXFileReference; lastKnownFileType = sourcecode.swift; path = UserStorageManager.swift; sourceTree = "<group>"; };
		8FD53D132614E41300E995BC /* UserObject.swift */ = {isa = PBXFileReference; lastKnownFileType = sourcecode.swift; path = UserObject.swift; sourceTree = "<group>"; };
		8FEE70C026181FBF00B42B1E /* MemberCell.swift */ = {isa = PBXFileReference; lastKnownFileType = sourcecode.swift; path = MemberCell.swift; sourceTree = "<group>"; };
		8FEE70C126181FBF00B42B1E /* MemberCell.xib */ = {isa = PBXFileReference; lastKnownFileType = file.xib; path = MemberCell.xib; sourceTree = "<group>"; };
/* End PBXFileReference section */

/* Begin PBXFrameworksBuildPhase section */
		8F2537F825FDA09E00B99A45 /* Frameworks */ = {
			isa = PBXFrameworksBuildPhase;
			buildActionMask = 2147483647;
			files = (
			);
			runOnlyForDeploymentPostprocessing = 0;
		};
/* End PBXFrameworksBuildPhase section */

/* Begin PBXGroup section */
		8F1FDAA92616A75A00BA6159 /* Queue */ = {
			isa = PBXGroup;
			children = (
				8F1FDAA62616A74600BA6159 /* Queue.swift */,
				8F1FDAB52616AE7500BA6159 /* QueueCell.swift */,
				8F1FDAB62616AE7500BA6159 /* QueueCell.xib */,
				8FEE70C026181FBF00B42B1E /* MemberCell.swift */,
				8FEE70C126181FBF00B42B1E /* MemberCell.xib */,
			);
			path = Queue;
			sourceTree = "<group>";
		};
		8F2537F225FDA09E00B99A45 = {
			isa = PBXGroup;
			children = (
				8F2537FD25FDA09E00B99A45 /* kyeue */,
				8F2537FC25FDA09E00B99A45 /* Products */,
			);
			sourceTree = "<group>";
		};
		8F2537FC25FDA09E00B99A45 /* Products */ = {
			isa = PBXGroup;
			children = (
				8F2537FB25FDA09E00B99A45 /* kyeue.app */,
			);
			name = Products;
			sourceTree = "<group>";
		};
		8F2537FD25FDA09E00B99A45 /* kyeue */ = {
			isa = PBXGroup;
			children = (
				8FD53D0E2614E28900E995BC /* CoreData */,
				8F25381B25FDA17900B99A45 /* Network */,
				8F25381A25FDA16700B99A45 /* Models */,
				8F25381925FDA14000B99A45 /* ViewControllers */,
				8F25381C25FDA18000B99A45 /* SupportFiles */,
				8F2537FE25FDA09E00B99A45 /* AppDelegate.swift */,
				8F25380F25FDA09F00B99A45 /* Info.plist */,
			);
			path = kyeue;
			sourceTree = "<group>";
		};
		8F25381925FDA14000B99A45 /* ViewControllers */ = {
			isa = PBXGroup;
			children = (
				8F25380225FDA09E00B99A45 /* SignVC.swift */,
				8FD53D082614BE5300E995BC /* MainVC.swift */,
				8F1FDABA2616AF7000BA6159 /* QueueVC.swift */,
				8FAA995726173B6400D905DE /* NewQueueVC.swift */,
			);
			path = ViewControllers;
			sourceTree = "<group>";
		};
		8F25381A25FDA16700B99A45 /* Models */ = {
			isa = PBXGroup;
			children = (
				8F1FDAA92616A75A00BA6159 /* Queue */,
				8F92F03225FFA9170083E188 /* User */,
			);
			path = Models;
			sourceTree = "<group>";
		};
		8F25381B25FDA17900B99A45 /* Network */ = {
			isa = PBXGroup;
			children = (
				8F92F04225FFAE540083E188 /* UsersService.swift */,
				8F1FDAAA2616A90300BA6159 /* QueuesService.swift */,
				8F1FDAAE2616A91300BA6159 /* AuthService.swift */,
			);
			path = Network;
			sourceTree = "<group>";
		};
		8F25381C25FDA18000B99A45 /* SupportFiles */ = {
			isa = PBXGroup;
			children = (
				8F25380A25FDA09F00B99A45 /* Assets.xcassets */,
				8F25380C25FDA09F00B99A45 /* LaunchScreen.storyboard */,
				8F25380425FDA09E00B99A45 /* Main.storyboard */,
				8F6D83D825FEBEB20012AB65 /* Extensions.swift */,
				8F25380725FDA09E00B99A45 /* kyeue.xcdatamodeld */,
				8F92F02E25FF9ECB0083E188 /* BaseProtocols.swift */,
				8F1FDAB22616A9BF00BA6159 /* Utils.swift */,
			);
			path = SupportFiles;
			sourceTree = "<group>";
		};
		8F92F03225FFA9170083E188 /* User */ = {
			isa = PBXGroup;
			children = (
				8FD53D132614E41300E995BC /* UserObject.swift */,
				8F92F03A25FFAAFA0083E188 /* Authentication.swift */,
				8F92F03325FFA9260083E188 /* User.swift */,
			);
			path = User;
			sourceTree = "<group>";
		};
		8FD53D0E2614E28900E995BC /* CoreData */ = {
			isa = PBXGroup;
			children = (
				8FD53D0F2614E2A500E995BC /* UserStorageManager.swift */,
			);
			path = CoreData;
			sourceTree = "<group>";
		};
/* End PBXGroup section */

/* Begin PBXNativeTarget section */
		8F2537FA25FDA09E00B99A45 /* kyeue */ = {
			isa = PBXNativeTarget;
			buildConfigurationList = 8F25381225FDA09F00B99A45 /* Build configuration list for PBXNativeTarget "kyeue" */;
			buildPhases = (
				8F2537F725FDA09E00B99A45 /* Sources */,
				8F2537F825FDA09E00B99A45 /* Frameworks */,
				8F2537F925FDA09E00B99A45 /* Resources */,
			);
			buildRules = (
			);
			dependencies = (
			);
			name = kyeue;
			productName = kyeue;
			productReference = 8F2537FB25FDA09E00B99A45 /* kyeue.app */;
			productType = "com.apple.product-type.application";
		};
/* End PBXNativeTarget section */

/* Begin PBXProject section */
		8F2537F325FDA09E00B99A45 /* Project object */ = {
			isa = PBXProject;
			attributes = {
				LastSwiftUpdateCheck = 1240;
				LastUpgradeCheck = 1240;
				TargetAttributes = {
					8F2537FA25FDA09E00B99A45 = {
						CreatedOnToolsVersion = 12.4;
					};
				};
			};
			buildConfigurationList = 8F2537F625FDA09E00B99A45 /* Build configuration list for PBXProject "kyeue" */;
			compatibilityVersion = "Xcode 9.3";
			developmentRegion = en;
			hasScannedForEncodings = 0;
			knownRegions = (
				en,
				Base,
			);
			mainGroup = 8F2537F225FDA09E00B99A45;
			productRefGroup = 8F2537FC25FDA09E00B99A45 /* Products */;
			projectDirPath = "";
			projectRoot = "";
			targets = (
				8F2537FA25FDA09E00B99A45 /* kyeue */,
			);
		};
/* End PBXProject section */

/* Begin PBXResourcesBuildPhase section */
		8F2537F925FDA09E00B99A45 /* Resources */ = {
			isa = PBXResourcesBuildPhase;
			buildActionMask = 2147483647;
			files = (
				8F25380E25FDA09F00B99A45 /* LaunchScreen.storyboard in Resources */,
				8F25380B25FDA09F00B99A45 /* Assets.xcassets in Resources */,
				8FEE70C326181FBF00B42B1E /* MemberCell.xib in Resources */,
				8F25380625FDA09E00B99A45 /* Main.storyboard in Resources */,
				8F1FDAB82616AE7500BA6159 /* QueueCell.xib in Resources */,
			);
			runOnlyForDeploymentPostprocessing = 0;
		};
/* End PBXResourcesBuildPhase section */

/* Begin PBXSourcesBuildPhase section */
		8F2537F725FDA09E00B99A45 /* Sources */ = {
			isa = PBXSourcesBuildPhase;
			buildActionMask = 2147483647;
			files = (
				8F25380325FDA09E00B99A45 /* SignVC.swift in Sources */,
				8F1FDAAB2616A90300BA6159 /* QueuesService.swift in Sources */,
				8F1FDABB2616AF7000BA6159 /* QueueVC.swift in Sources */,
				8FD53D092614BE5300E995BC /* MainVC.swift in Sources */,
				8F25380925FDA09E00B99A45 /* kyeue.xcdatamodeld in Sources */,
				8F92F03B25FFAAFA0083E188 /* Authentication.swift in Sources */,
				8F1FDAB32616A9BF00BA6159 /* Utils.swift in Sources */,
				8FD53D142614E41300E995BC /* UserObject.swift in Sources */,
				8F92F03425FFA9260083E188 /* User.swift in Sources */,
				8F2537FF25FDA09E00B99A45 /* AppDelegate.swift in Sources */,
				8F1FDAA72616A74600BA6159 /* Queue.swift in Sources */,
				8F6D83D925FEBEB20012AB65 /* Extensions.swift in Sources */,
				8F92F02F25FF9ECB0083E188 /* BaseProtocols.swift in Sources */,
				8F92F04325FFAE540083E188 /* UsersService.swift in Sources */,
				8FD53D102614E2A500E995BC /* UserStorageManager.swift in Sources */,
				8FEE70C226181FBF00B42B1E /* MemberCell.swift in Sources */,
				8FAA995826173B6400D905DE /* NewQueueVC.swift in Sources */,
				8F1FDAAF2616A91300BA6159 /* AuthService.swift in Sources */,
				8F1FDAB72616AE7500BA6159 /* QueueCell.swift in Sources */,
			);
			runOnlyForDeploymentPostprocessing = 0;
		};
/* End PBXSourcesBuildPhase section */

/* Begin PBXVariantGroup section */
		8F25380425FDA09E00B99A45 /* Main.storyboard */ = {
			isa = PBXVariantGroup;
			children = (
				8F25380525FDA09E00B99A45 /* Base */,
			);
			name = Main.storyboard;
			sourceTree = "<group>";
		};
		8F25380C25FDA09F00B99A45 /* LaunchScreen.storyboard */ = {
			isa = PBXVariantGroup;
			children = (
				8F25380D25FDA09F00B99A45 /* Base */,
			);
			name = LaunchScreen.storyboard;
			sourceTree = "<group>";
		};
/* End PBXVariantGroup section */

/* Begin XCBuildConfiguration section */
		8F25381025FDA09F00B99A45 /* Debug */ = {
			isa = XCBuildConfiguration;
			buildSettings = {
				ALWAYS_SEARCH_USER_PATHS = NO;
				CLANG_ANALYZER_NONNULL = YES;
				CLANG_ANALYZER_NUMBER_OBJECT_CONVERSION = YES_AGGRESSIVE;
				CLANG_CXX_LANGUAGE_STANDARD = "gnu++14";
				CLANG_CXX_LIBRARY = "libc++";
				CLANG_ENABLE_MODULES = YES;
				CLANG_ENABLE_OBJC_ARC = YES;
				CLANG_ENABLE_OBJC_WEAK = YES;
				CLANG_WARN_BLOCK_CAPTURE_AUTORELEASING = YES;
				CLANG_WARN_BOOL_CONVERSION = YES;
				CLANG_WARN_COMMA = YES;
				CLANG_WARN_CONSTANT_CONVERSION = YES;
				CLANG_WARN_DEPRECATED_OBJC_IMPLEMENTATIONS = YES;
				CLANG_WARN_DIRECT_OBJC_ISA_USAGE = YES_ERROR;
				CLANG_WARN_DOCUMENTATION_COMMENTS = YES;
				CLANG_WARN_EMPTY_BODY = YES;
				CLANG_WARN_ENUM_CONVERSION = YES;
				CLANG_WARN_INFINITE_RECURSION = YES;
				CLANG_WARN_INT_CONVERSION = YES;
				CLANG_WARN_NON_LITERAL_NULL_CONVERSION = YES;
				CLANG_WARN_OBJC_IMPLICIT_RETAIN_SELF = YES;
				CLANG_WARN_OBJC_LITERAL_CONVERSION = YES;
				CLANG_WARN_OBJC_ROOT_CLASS = YES_ERROR;
				CLANG_WARN_QUOTED_INCLUDE_IN_FRAMEWORK_HEADER = YES;
				CLANG_WARN_RANGE_LOOP_ANALYSIS = YES;
				CLANG_WARN_STRICT_PROTOTYPES = YES;
				CLANG_WARN_SUSPICIOUS_MOVE = YES;
				CLANG_WARN_UNGUARDED_AVAILABILITY = YES_AGGRESSIVE;
				CLANG_WARN_UNREACHABLE_CODE = YES;
				CLANG_WARN__DUPLICATE_METHOD_MATCH = YES;
				COPY_PHASE_STRIP = NO;
				DEBUG_INFORMATION_FORMAT = dwarf;
				ENABLE_STRICT_OBJC_MSGSEND = YES;
				ENABLE_TESTABILITY = YES;
				GCC_C_LANGUAGE_STANDARD = gnu11;
				GCC_DYNAMIC_NO_PIC = NO;
				GCC_NO_COMMON_BLOCKS = YES;
				GCC_OPTIMIZATION_LEVEL = 0;
				GCC_PREPROCESSOR_DEFINITIONS = (
					"DEBUG=1",
					"$(inherited)",
				);
				GCC_WARN_64_TO_32_BIT_CONVERSION = YES;
				GCC_WARN_ABOUT_RETURN_TYPE = YES_ERROR;
				GCC_WARN_UNDECLARED_SELECTOR = YES;
				GCC_WARN_UNINITIALIZED_AUTOS = YES_AGGRESSIVE;
				GCC_WARN_UNUSED_FUNCTION = YES;
				GCC_WARN_UNUSED_VARIABLE = YES;
				IPHONEOS_DEPLOYMENT_TARGET = 13.0;
				MTL_ENABLE_DEBUG_INFO = INCLUDE_SOURCE;
				MTL_FAST_MATH = YES;
				ONLY_ACTIVE_ARCH = YES;
				SDKROOT = iphoneos;
				SWIFT_ACTIVE_COMPILATION_CONDITIONS = DEBUG;
				SWIFT_OPTIMIZATION_LEVEL = "-Onone";
			};
			name = Debug;
		};
		8F25381125FDA09F00B99A45 /* Release */ = {
			isa = XCBuildConfiguration;
			buildSettings = {
				ALWAYS_SEARCH_USER_PATHS = NO;
				CLANG_ANALYZER_NONNULL = YES;
				CLANG_ANALYZER_NUMBER_OBJECT_CONVERSION = YES_AGGRESSIVE;
				CLANG_CXX_LANGUAGE_STANDARD = "gnu++14";
				CLANG_CXX_LIBRARY = "libc++";
				CLANG_ENABLE_MODULES = YES;
				CLANG_ENABLE_OBJC_ARC = YES;
				CLANG_ENABLE_OBJC_WEAK = YES;
				CLANG_WARN_BLOCK_CAPTURE_AUTORELEASING = YES;
				CLANG_WARN_BOOL_CONVERSION = YES;
				CLANG_WARN_COMMA = YES;
				CLANG_WARN_CONSTANT_CONVERSION = YES;
				CLANG_WARN_DEPRECATED_OBJC_IMPLEMENTATIONS = YES;
				CLANG_WARN_DIRECT_OBJC_ISA_USAGE = YES_ERROR;
				CLANG_WARN_DOCUMENTATION_COMMENTS = YES;
				CLANG_WARN_EMPTY_BODY = YES;
				CLANG_WARN_ENUM_CONVERSION = YES;
				CLANG_WARN_INFINITE_RECURSION = YES;
				CLANG_WARN_INT_CONVERSION = YES;
				CLANG_WARN_NON_LITERAL_NULL_CONVERSION = YES;
				CLANG_WARN_OBJC_IMPLICIT_RETAIN_SELF = YES;
				CLANG_WARN_OBJC_LITERAL_CONVERSION = YES;
				CLANG_WARN_OBJC_ROOT_CLASS = YES_ERROR;
				CLANG_WARN_QUOTED_INCLUDE_IN_FRAMEWORK_HEADER = YES;
				CLANG_WARN_RANGE_LOOP_ANALYSIS = YES;
				CLANG_WARN_STRICT_PROTOTYPES = YES;
				CLANG_WARN_SUSPICIOUS_MOVE = YES;
				CLANG_WARN_UNGUARDED_AVAILABILITY = YES_AGGRESSIVE;
				CLANG_WARN_UNREACHABLE_CODE = YES;
				CLANG_WARN__DUPLICATE_METHOD_MATCH = YES;
				COPY_PHASE_STRIP = NO;
				DEBUG_INFORMATION_FORMAT = "dwarf-with-dsym";
				ENABLE_NS_ASSERTIONS = NO;
				ENABLE_STRICT_OBJC_MSGSEND = YES;
				GCC_C_LANGUAGE_STANDARD = gnu11;
				GCC_NO_COMMON_BLOCKS = YES;
				GCC_WARN_64_TO_32_BIT_CONVERSION = YES;
				GCC_WARN_ABOUT_RETURN_TYPE = YES_ERROR;
				GCC_WARN_UNDECLARED_SELECTOR = YES;
				GCC_WARN_UNINITIALIZED_AUTOS = YES_AGGRESSIVE;
				GCC_WARN_UNUSED_FUNCTION = YES;
				GCC_WARN_UNUSED_VARIABLE = YES;
				IPHONEOS_DEPLOYMENT_TARGET = 13.0;
				MTL_ENABLE_DEBUG_INFO = NO;
				MTL_FAST_MATH = YES;
				SDKROOT = iphoneos;
				SWIFT_COMPILATION_MODE = wholemodule;
				SWIFT_OPTIMIZATION_LEVEL = "-O";
				VALIDATE_PRODUCT = YES;
			};
			name = Release;
		};
		8F25381325FDA09F00B99A45 /* Debug */ = {
			isa = XCBuildConfiguration;
			buildSettings = {
				ASSETCATALOG_COMPILER_APPICON_NAME = AppIcon;
				ASSETCATALOG_COMPILER_GLOBAL_ACCENT_COLOR_NAME = AccentColor;
				CODE_SIGN_STYLE = Automatic;
				DEVELOPMENT_TEAM = 3DK6S8779M;
				INFOPLIST_FILE = kyeue/Info.plist;
				IPHONEOS_DEPLOYMENT_TARGET = 13.0;
				LD_RUNPATH_SEARCH_PATHS = (
					"$(inherited)",
					"@executable_path/Frameworks",
				);
				PRODUCT_BUNDLE_IDENTIFIER = vgrokhotov.kyeue;
				PRODUCT_NAME = "$(TARGET_NAME)";
				SWIFT_VERSION = 5.0;
				TARGETED_DEVICE_FAMILY = "1,2";
			};
			name = Debug;
		};
		8F25381425FDA09F00B99A45 /* Release */ = {
			isa = XCBuildConfiguration;
			buildSettings = {
				ASSETCATALOG_COMPILER_APPICON_NAME = AppIcon;
				ASSETCATALOG_COMPILER_GLOBAL_ACCENT_COLOR_NAME = AccentColor;
				CODE_SIGN_STYLE = Automatic;
				DEVELOPMENT_TEAM = 3DK6S8779M;
				INFOPLIST_FILE = kyeue/Info.plist;
				IPHONEOS_DEPLOYMENT_TARGET = 13.0;
				LD_RUNPATH_SEARCH_PATHS = (
					"$(inherited)",
					"@executable_path/Frameworks",
				);
				PRODUCT_BUNDLE_IDENTIFIER = vgrokhotov.kyeue;
				PRODUCT_NAME = "$(TARGET_NAME)";
				SWIFT_VERSION = 5.0;
				TARGETED_DEVICE_FAMILY = "1,2";
			};
			name = Release;
		};
/* End XCBuildConfiguration section */

/* Begin XCConfigurationList section */
		8F2537F625FDA09E00B99A45 /* Build configuration list for PBXProject "kyeue" */ = {
			isa = XCConfigurationList;
			buildConfigurations = (
				8F25381025FDA09F00B99A45 /* Debug */,
				8F25381125FDA09F00B99A45 /* Release */,
			);
			defaultConfigurationIsVisible = 0;
			defaultConfigurationName = Release;
		};
		8F25381225FDA09F00B99A45 /* Build configuration list for PBXNativeTarget "kyeue" */ = {
			isa = XCConfigurationList;
			buildConfigurations = (
				8F25381325FDA09F00B99A45 /* Debug */,
				8F25381425FDA09F00B99A45 /* Release */,
			);
			defaultConfigurationIsVisible = 0;
			defaultConfigurationName = Release;
		};
/* End XCConfigurationList section */

/* Begin XCVersionGroup section */
		8F25380725FDA09E00B99A45 /* kyeue.xcdatamodeld */ = {
			isa = XCVersionGroup;
			children = (
				8F25380825FDA09E00B99A45 /* kyeue.xcdatamodel */,
			);
			currentVersion = 8F25380825FDA09E00B99A45 /* kyeue.xcdatamodel */;
			path = kyeue.xcdatamodeld;
			sourceTree = "<group>";
			versionGroupType = wrapper.xcdatamodel;
		};
/* End XCVersionGroup section */
	};
	rootObject = 8F2537F325FDA09E00B99A45 /* Project object */;
}
